
Microsoft Visual Studio Solution File, Format Version 12.00
# Visual Studio Version 17
VisualStudioVersion = 17.0.31919.166
MinimumVisualStudioVersion = 10.0.40219.1
Project("{9A19103F-16F7-4668-BE54-9A1E7A4F7556}") = "LibraryManagement.Data", "LibraryManagement.Data\LibraryManagement.Data.csproj", "{A391D748-6999-4FB4-AF4E-11084D95534C}"
EndProject
Project("{9A19103F-16F7-4668-BE54-9A1E7A4F7556}") = "LibraryManagement.Business", "LibraryManagement.Business\LibraryManagement.Business.csproj", "{AFAD30B9-A1BA-4B1F-8000-46A834A5BF54}"
EndProject
Project("{9A19103F-16F7-4668-BE54-9A1E7A4F7556}") = "LibraryManagement.Common", "LibraryManagement.Common\LibraryManagement.Common.csproj", "{B4622447-847F-4276-B784-4ACD47AF2689}"
EndProject
Project("{9A19103F-16F7-4668-BE54-9A1E7A4F7556}") = "LibraryManagement.Api", "LibraryManagement.Api\LibraryManagement.Api.csproj", "{C25CBEE9-7A84-4148-A564-F2A8EC5D7580}"
EndProject
Project("{E53339B2-1760-4266-BCC7-CA923CBCF16C}") = "docker-compose", "docker-compose.dcproj", "{177F3D9F-47D0-48C8-8AA2-F0B097628439}"
EndProject
Project("{9A19103F-16F7-4668-BE54-9A1E7A4F7556}") = "LibraryManagement.Domain.Models", "LibraryManagement.Domain.Models\LibraryManagement.Domain.Models.csproj", "{86216C58-28BE-4FDF-BFD7-BB413D3C051D}"
EndProject
Project("{FAE04EC0-301F-11D3-BF4B-00C04F79EFBC}") = "LibraryManagement.Tests", "..\Tests\LibraryManagement.Tests\LibraryManagement.Tests.csproj", "{7E932A85-F805-4EFA-8246-CCAD931FFDD2}"
EndProject
Global
	GlobalSection(SolutionConfigurationPlatforms) = preSolution
		Debug|Any CPU = Debug|Any CPU
		Release|Any CPU = Release|Any CPU
	EndGlobalSection
	GlobalSection(ProjectConfigurationPlatforms) = postSolution
		{A391D748-6999-4FB4-AF4E-11084D95534C}.Debug|Any CPU.ActiveCfg = Debug|Any CPU
		{A391D748-6999-4FB4-AF4E-11084D95534C}.Debug|Any CPU.Build.0 = Debug|Any CPU
		{A391D748-6999-4FB4-AF4E-11084D95534C}.Release|Any CPU.ActiveCfg = Release|Any CPU
		{A391D748-6999-4FB4-AF4E-11084D95534C}.Release|Any CPU.Build.0 = Release|Any CPU
		{AFAD30B9-A1BA-4B1F-8000-46A834A5BF54}.Debug|Any CPU.ActiveCfg = Debug|Any CPU
		{AFAD30B9-A1BA-4B1F-8000-46A834A5BF54}.Debug|Any CPU.Build.0 = Debug|Any CPU
		{AFAD30B9-A1BA-4B1F-8000-46A834A5BF54}.Release|Any CPU.ActiveCfg = Release|Any CPU
		{AFAD30B9-A1BA-4B1F-8000-46A834A5BF54}.Release|Any CPU.Build.0 = Release|Any CPU
		{B4622447-847F-4276-B784-4ACD47AF2689}.Debug|Any CPU.ActiveCfg = Debug|Any CPU
		{B4622447-847F-4276-B784-4ACD47AF2689}.Debug|Any CPU.Build.0 = Debug|Any CPU
		{B4622447-847F-4276-B784-4ACD47AF2689}.Release|Any CPU.ActiveCfg = Release|Any CPU
		{B4622447-847F-4276-B784-4ACD47AF2689}.Release|Any CPU.Build.0 = Release|Any CPU
		{C25CBEE9-7A84-4148-A564-F2A8EC5D7580}.Debug|Any CPU.ActiveCfg = Debug|Any CPU
		{C25CBEE9-7A84-4148-A564-F2A8EC5D7580}.Debug|Any CPU.Build.0 = Debug|Any CPU
		{C25CBEE9-7A84-4148-A564-F2A8EC5D7580}.Release|Any CPU.ActiveCfg = Release|Any CPU
		{C25CBEE9-7A84-4148-A564-F2A8EC5D7580}.Release|Any CPU.Build.0 = Release|Any CPU
		{177F3D9F-47D0-48C8-8AA2-F0B097628439}.Debug|Any CPU.ActiveCfg = Debug|Any CPU
		{177F3D9F-47D0-48C8-8AA2-F0B097628439}.Release|Any CPU.ActiveCfg = Release|Any CPU
		{177F3D9F-47D0-48C8-8AA2-F0B097628439}.Release|Any CPU.Build.0 = Release|Any CPU
		{86216C58-28BE-4FDF-BFD7-BB413D3C051D}.Debug|Any CPU.ActiveCfg = Debug|Any CPU
		{86216C58-28BE-4FDF-BFD7-BB413D3C051D}.Debug|Any CPU.Build.0 = Debug|Any CPU
		{86216C58-28BE-4FDF-BFD7-BB413D3C051D}.Release|Any CPU.ActiveCfg = Release|Any CPU
		{86216C58-28BE-4FDF-BFD7-BB413D3C051D}.Release|Any CPU.Build.0 = Release|Any CPU
		{7E932A85-F805-4EFA-8246-CCAD931FFDD2}.Debug|Any CPU.ActiveCfg = Debug|Any CPU
		{7E932A85-F805-4EFA-8246-CCAD931FFDD2}.Debug|Any CPU.Build.0 = Debug|Any CPU
		{7E932A85-F805-4EFA-8246-CCAD931FFDD2}.Release|Any CPU.ActiveCfg = Release|Any CPU
		{7E932A85-F805-4EFA-8246-CCAD931FFDD2}.Release|Any CPU.Build.0 = Release|Any CPU
	EndGlobalSection
	GlobalSection(SolutionProperties) = preSolution
		HideSolutionNode = FALSE
	EndGlobalSection
	GlobalSection(ExtensibilityGlobals) = postSolution
		SolutionGuid = {3C699346-7CB9-4EBB-965A-5A2E71C3B267}
	EndGlobalSection
EndGlobal
